
Microsoft Visual Studio Solution File, Format Version 12.00
# Visual Studio Version 16
VisualStudioVersion = 16.0.30907.101
MinimumVisualStudioVersion = 10.0.40219.1
Project("{9A19103F-16F7-4668-BE54-9A1E7A4F7556}") = "KampIntro", "KampIntro\KampIntro.csproj", "{36C7ADFD-8C39-48BE-AA7A-751C701DB189}"
EndProject
Project("{9A19103F-16F7-4668-BE54-9A1E7A4F7556}") = "Donguler", "Donguler\Donguler.csproj", "{3F69A9F0-50CF-4139-A33B-15D710305071}"
EndProject
Project("{9A19103F-16F7-4668-BE54-9A1E7A4F7556}") = "ClassIntro", "ClassIntro\ClassIntro.csproj", "{C99A9275-D13B-4162-9F66-552DB18911FE}"
EndProject
Project("{9A19103F-16F7-4668-BE54-9A1E7A4F7556}") = "Metotlar", "Metotlar\Metotlar.csproj", "{CC644C95-AE00-4164-8392-025E2262D2A3}"
EndProject
Project("{9A19103F-16F7-4668-BE54-9A1E7A4F7556}") = "Koleksiyonlar", "Koleksiyonlar\Koleksiyonlar.csproj", "{D76BE680-F839-44D6-9540-B8F496773FD6}"
EndProject
Project("{9A19103F-16F7-4668-BE54-9A1E7A4F7556}") = "Matematik", "Matematik\Matematik.csproj", "{9974374F-A6D6-42DF-8F85-A7F55C6FF234}"
EndProject
Project("{9A19103F-16F7-4668-BE54-9A1E7A4F7556}") = "OOP1", "OOP1\OOP1.csproj", "{89AA238A-295D-4DEA-95E6-D292DEB6333A}"
EndProject
Project("{9A19103F-16F7-4668-BE54-9A1E7A4F7556}") = "DegerVeReferansTipler", "DegerVeReferansTipler\DegerVeReferansTipler.csproj", "{06F96D77-3786-4CA1-A8E9-162413E8045E}"
EndProject
Project("{9A19103F-16F7-4668-BE54-9A1E7A4F7556}") = "GenericsIntro", "GenericsIntro\GenericsIntro.csproj", "{A7D67483-25EE-4FA1-A207-EDF7A68A6C2E}"
EndProject
Project("{9A19103F-16F7-4668-BE54-9A1E7A4F7556}") = "OOP2", "OOP2\OOP2.csproj", "{FB627E79-5E8A-4D02-B58B-7AC399F5A99F}"
EndProject
Project("{9A19103F-16F7-4668-BE54-9A1E7A4F7556}") = "OOP3", "OOP3\OOP3.csproj", "{C0E83664-58E9-47B4-8080-3E579F8548ED}"
EndProject
Project("{9A19103F-16F7-4668-BE54-9A1E7A4F7556}") = "GameProject", "GameProject\GameProject.csproj", "{913AD52A-E2E4-4875-BF42-FE3BF5606017}"
EndProject
Project("{9A19103F-16F7-4668-BE54-9A1E7A4F7556}") = "ClassMetotDemo", "ClassMetotDemo\ClassMetotDemo.csproj", "{D7ADE0AC-F96E-42C9-AC0F-4A56E08D955B}"
EndProject
Project("{9A19103F-16F7-4668-BE54-9A1E7A4F7556}") = "LinqProject", "LinqProject\LinqProject.csproj", "{80148A4D-E25D-4C72-81C6-C495DE2DB561}"
EndProject
Project("{9A19103F-16F7-4668-BE54-9A1E7A4F7556}") = "EntityFrameworkDemo", "EntityFrameworkDemo\EntityFrameworkDemo.csproj", "{78425DA8-9FA4-4075-AADC-FA97019DAF81}"
EndProject
Project("{9A19103F-16F7-4668-BE54-9A1E7A4F7556}") = "Attributes", "Attributes\Attributes.csproj", "{16B3BAA7-9B3E-4C3E-900C-EB46CB784851}"
EndProject
Project("{9A19103F-16F7-4668-BE54-9A1E7A4F7556}") = "Reflection", "Reflection\Reflection.csproj", "{03D7865E-D6DD-4F71-AFA9-8EF19124CF57}"
EndProject
Project("{FAE04EC0-301F-11D3-BF4B-00C04F79EFBC}") = "Delegates", "Delegates\Delegates.csproj", "{F0E7CF20-2D00-45E8-9525-744308D67D02}"
EndProject
Project("{FAE04EC0-301F-11D3-BF4B-00C04F79EFBC}") = "Func", "Func\Func.csproj", "{E5034494-F135-49DC-8CD6-9DE2CE7C7997}"
EndProject
Global
	GlobalSection(SolutionConfigurationPlatforms) = preSolution
		Debug|Any CPU = Debug|Any CPU
		Release|Any CPU = Release|Any CPU
	EndGlobalSection
	GlobalSection(ProjectConfigurationPlatforms) = postSolution
		{36C7ADFD-8C39-48BE-AA7A-751C701DB189}.Debug|Any CPU.ActiveCfg = Debug|Any CPU
		{36C7ADFD-8C39-48BE-AA7A-751C701DB189}.Debug|Any CPU.Build.0 = Debug|Any CPU
		{36C7ADFD-8C39-48BE-AA7A-751C701DB189}.Release|Any CPU.ActiveCfg = Release|Any CPU
		{36C7ADFD-8C39-48BE-AA7A-751C701DB189}.Release|Any CPU.Build.0 = Release|Any CPU
		{3F69A9F0-50CF-4139-A33B-15D710305071}.Debug|Any CPU.ActiveCfg = Debug|Any CPU
		{3F69A9F0-50CF-4139-A33B-15D710305071}.Debug|Any CPU.Build.0 = Debug|Any CPU
		{3F69A9F0-50CF-4139-A33B-15D710305071}.Release|Any CPU.ActiveCfg = Release|Any CPU
		{3F69A9F0-50CF-4139-A33B-15D710305071}.Release|Any CPU.Build.0 = Release|Any CPU
		{C99A9275-D13B-4162-9F66-552DB18911FE}.Debug|Any CPU.ActiveCfg = Debug|Any CPU
		{C99A9275-D13B-4162-9F66-552DB18911FE}.Debug|Any CPU.Build.0 = Debug|Any CPU
		{C99A9275-D13B-4162-9F66-552DB18911FE}.Release|Any CPU.ActiveCfg = Release|Any CPU
		{C99A9275-D13B-4162-9F66-552DB18911FE}.Release|Any CPU.Build.0 = Release|Any CPU
		{CC644C95-AE00-4164-8392-025E2262D2A3}.Debug|Any CPU.ActiveCfg = Debug|Any CPU
		{CC644C95-AE00-4164-8392-025E2262D2A3}.Debug|Any CPU.Build.0 = Debug|Any CPU
		{CC644C95-AE00-4164-8392-025E2262D2A3}.Release|Any CPU.ActiveCfg = Release|Any CPU
		{CC644C95-AE00-4164-8392-025E2262D2A3}.Release|Any CPU.Build.0 = Release|Any CPU
		{D76BE680-F839-44D6-9540-B8F496773FD6}.Debug|Any CPU.ActiveCfg = Debug|Any CPU
		{D76BE680-F839-44D6-9540-B8F496773FD6}.Debug|Any CPU.Build.0 = Debug|Any CPU
		{D76BE680-F839-44D6-9540-B8F496773FD6}.Release|Any CPU.ActiveCfg = Release|Any CPU
		{D76BE680-F839-44D6-9540-B8F496773FD6}.Release|Any CPU.Build.0 = Release|Any CPU
		{9974374F-A6D6-42DF-8F85-A7F55C6FF234}.Debug|Any CPU.ActiveCfg = Debug|Any CPU
		{9974374F-A6D6-42DF-8F85-A7F55C6FF234}.Debug|Any CPU.Build.0 = Debug|Any CPU
		{9974374F-A6D6-42DF-8F85-A7F55C6FF234}.Release|Any CPU.ActiveCfg = Release|Any CPU
		{9974374F-A6D6-42DF-8F85-A7F55C6FF234}.Release|Any CPU.Build.0 = Release|Any CPU
		{89AA238A-295D-4DEA-95E6-D292DEB6333A}.Debug|Any CPU.ActiveCfg = Debug|Any CPU
		{89AA238A-295D-4DEA-95E6-D292DEB6333A}.Debug|Any CPU.Build.0 = Debug|Any CPU
		{89AA238A-295D-4DEA-95E6-D292DEB6333A}.Release|Any CPU.ActiveCfg = Release|Any CPU
		{89AA238A-295D-4DEA-95E6-D292DEB6333A}.Release|Any CPU.Build.0 = Release|Any CPU
		{06F96D77-3786-4CA1-A8E9-162413E8045E}.Debug|Any CPU.ActiveCfg = Debug|Any CPU
		{06F96D77-3786-4CA1-A8E9-162413E8045E}.Debug|Any CPU.Build.0 = Debug|Any CPU
		{06F96D77-3786-4CA1-A8E9-162413E8045E}.Release|Any CPU.ActiveCfg = Release|Any CPU
		{06F96D77-3786-4CA1-A8E9-162413E8045E}.Release|Any CPU.Build.0 = Release|Any CPU
		{A7D67483-25EE-4FA1-A207-EDF7A68A6C2E}.Debug|Any CPU.ActiveCfg = Debug|Any CPU
		{A7D67483-25EE-4FA1-A207-EDF7A68A6C2E}.Debug|Any CPU.Build.0 = Debug|Any CPU
		{A7D67483-25EE-4FA1-A207-EDF7A68A6C2E}.Release|Any CPU.ActiveCfg = Release|Any CPU
		{A7D67483-25EE-4FA1-A207-EDF7A68A6C2E}.Release|Any CPU.Build.0 = Release|Any CPU
		{FB627E79-5E8A-4D02-B58B-7AC399F5A99F}.Debug|Any CPU.ActiveCfg = Debug|Any CPU
		{FB627E79-5E8A-4D02-B58B-7AC399F5A99F}.Debug|Any CPU.Build.0 = Debug|Any CPU
		{FB627E79-5E8A-4D02-B58B-7AC399F5A99F}.Release|Any CPU.ActiveCfg = Release|Any CPU
		{FB627E79-5E8A-4D02-B58B-7AC399F5A99F}.Release|Any CPU.Build.0 = Release|Any CPU
		{C0E83664-58E9-47B4-8080-3E579F8548ED}.Debug|Any CPU.ActiveCfg = Debug|Any CPU
		{C0E83664-58E9-47B4-8080-3E579F8548ED}.Debug|Any CPU.Build.0 = Debug|Any CPU
		{C0E83664-58E9-47B4-8080-3E579F8548ED}.Release|Any CPU.ActiveCfg = Release|Any CPU
		{C0E83664-58E9-47B4-8080-3E579F8548ED}.Release|Any CPU.Build.0 = Release|Any CPU
		{913AD52A-E2E4-4875-BF42-FE3BF5606017}.Debug|Any CPU.ActiveCfg = Debug|Any CPU
		{913AD52A-E2E4-4875-BF42-FE3BF5606017}.Debug|Any CPU.Build.0 = Debug|Any CPU
		{913AD52A-E2E4-4875-BF42-FE3BF5606017}.Release|Any CPU.ActiveCfg = Release|Any CPU
		{913AD52A-E2E4-4875-BF42-FE3BF5606017}.Release|Any CPU.Build.0 = Release|Any CPU
		{D7ADE0AC-F96E-42C9-AC0F-4A56E08D955B}.Debug|Any CPU.ActiveCfg = Debug|Any CPU
		{D7ADE0AC-F96E-42C9-AC0F-4A56E08D955B}.Debug|Any CPU.Build.0 = Debug|Any CPU
		{D7ADE0AC-F96E-42C9-AC0F-4A56E08D955B}.Release|Any CPU.ActiveCfg = Release|Any CPU
		{D7ADE0AC-F96E-42C9-AC0F-4A56E08D955B}.Release|Any CPU.Build.0 = Release|Any CPU
		{80148A4D-E25D-4C72-81C6-C495DE2DB561}.Debug|Any CPU.ActiveCfg = Debug|Any CPU
		{80148A4D-E25D-4C72-81C6-C495DE2DB561}.Debug|Any CPU.Build.0 = Debug|Any CPU
		{80148A4D-E25D-4C72-81C6-C495DE2DB561}.Release|Any CPU.ActiveCfg = Release|Any CPU
		{80148A4D-E25D-4C72-81C6-C495DE2DB561}.Release|Any CPU.Build.0 = Release|Any CPU
		{78425DA8-9FA4-4075-AADC-FA97019DAF81}.Debug|Any CPU.ActiveCfg = Debug|Any CPU
		{78425DA8-9FA4-4075-AADC-FA97019DAF81}.Debug|Any CPU.Build.0 = Debug|Any CPU
		{78425DA8-9FA4-4075-AADC-FA97019DAF81}.Release|Any CPU.ActiveCfg = Release|Any CPU
		{78425DA8-9FA4-4075-AADC-FA97019DAF81}.Release|Any CPU.Build.0 = Release|Any CPU
		{16B3BAA7-9B3E-4C3E-900C-EB46CB784851}.Debug|Any CPU.ActiveCfg = Debug|Any CPU
		{16B3BAA7-9B3E-4C3E-900C-EB46CB784851}.Debug|Any CPU.Build.0 = Debug|Any CPU
		{16B3BAA7-9B3E-4C3E-900C-EB46CB784851}.Release|Any CPU.ActiveCfg = Release|Any CPU
		{16B3BAA7-9B3E-4C3E-900C-EB46CB784851}.Release|Any CPU.Build.0 = Release|Any CPU
		{03D7865E-D6DD-4F71-AFA9-8EF19124CF57}.Debug|Any CPU.ActiveCfg = Debug|Any CPU
		{03D7865E-D6DD-4F71-AFA9-8EF19124CF57}.Debug|Any CPU.Build.0 = Debug|Any CPU
		{03D7865E-D6DD-4F71-AFA9-8EF19124CF57}.Release|Any CPU.ActiveCfg = Release|Any CPU
		{03D7865E-D6DD-4F71-AFA9-8EF19124CF57}.Release|Any CPU.Build.0 = Release|Any CPU
		{F0E7CF20-2D00-45E8-9525-744308D67D02}.Debug|Any CPU.ActiveCfg = Debug|Any CPU
		{F0E7CF20-2D00-45E8-9525-744308D67D02}.Debug|Any CPU.Build.0 = Debug|Any CPU
		{F0E7CF20-2D00-45E8-9525-744308D67D02}.Release|Any CPU.ActiveCfg = Release|Any CPU
		{F0E7CF20-2D00-45E8-9525-744308D67D02}.Release|Any CPU.Build.0 = Release|Any CPU
		{E5034494-F135-49DC-8CD6-9DE2CE7C7997}.Debug|Any CPU.ActiveCfg = Debug|Any CPU
		{E5034494-F135-49DC-8CD6-9DE2CE7C7997}.Debug|Any CPU.Build.0 = Debug|Any CPU
		{E5034494-F135-49DC-8CD6-9DE2CE7C7997}.Release|Any CPU.ActiveCfg = Release|Any CPU
		{E5034494-F135-49DC-8CD6-9DE2CE7C7997}.Release|Any CPU.Build.0 = Release|Any CPU
	EndGlobalSection
	GlobalSection(SolutionProperties) = preSolution
		HideSolutionNode = FALSE
	EndGlobalSection
	GlobalSection(ExtensibilityGlobals) = postSolution
		SolutionGuid = {D473D8A0-E8EC-4453-B3D2-E2E506FE3F43}
	EndGlobalSection
EndGlobal
