
Microsoft Visual Studio Solution File, Format Version 12.00
# Visual Studio Version 16
VisualStudioVersion = 16.0.30907.101
MinimumVisualStudioVersion = 10.0.40219.1
Project("{FAE04EC0-301F-11D3-BF4B-00C04F79EFBC}") = "KampIntro", "KampIntro\KampIntro.csproj", "{36C7ADFD-8C39-48BE-AA7A-751C701DB189}"
EndProject
Project("{FAE04EC0-301F-11D3-BF4B-00C04F79EFBC}") = "Donguler", "Donguler\Donguler.csproj", "{3F69A9F0-50CF-4139-A33B-15D710305071}"
EndProject
Project("{FAE04EC0-301F-11D3-BF4B-00C04F79EFBC}") = "ClassIntro", "ClassIntro\ClassIntro.csproj", "{C99A9275-D13B-4162-9F66-552DB18911FE}"
EndProject
Global
	GlobalSection(SolutionConfigurationPlatforms) = preSolution
		Debug|Any CPU = Debug|Any CPU
		Release|Any CPU = Release|Any CPU
	EndGlobalSection
	GlobalSection(ProjectConfigurationPlatforms) = postSolution
		{36C7ADFD-8C39-48BE-AA7A-751C701DB189}.Debug|Any CPU.ActiveCfg = Debug|Any CPU
		{36C7ADFD-8C39-48BE-AA7A-751C701DB189}.Debug|Any CPU.Build.0 = Debug|Any CPU
		{36C7ADFD-8C39-48BE-AA7A-751C701DB189}.Release|Any CPU.ActiveCfg = Release|Any CPU
		{36C7ADFD-8C39-48BE-AA7A-751C701DB189}.Release|Any CPU.Build.0 = Release|Any CPU
		{3F69A9F0-50CF-4139-A33B-15D710305071}.Debug|Any CPU.ActiveCfg = Debug|Any CPU
		{3F69A9F0-50CF-4139-A33B-15D710305071}.Debug|Any CPU.Build.0 = Debug|Any CPU
		{3F69A9F0-50CF-4139-A33B-15D710305071}.Release|Any CPU.ActiveCfg = Release|Any CPU
		{3F69A9F0-50CF-4139-A33B-15D710305071}.Release|Any CPU.Build.0 = Release|Any CPU
		{C99A9275-D13B-4162-9F66-552DB18911FE}.Debug|Any CPU.ActiveCfg = Debug|Any CPU
		{C99A9275-D13B-4162-9F66-552DB18911FE}.Debug|Any CPU.Build.0 = Debug|Any CPU
		{C99A9275-D13B-4162-9F66-552DB18911FE}.Release|Any CPU.ActiveCfg = Release|Any CPU
		{C99A9275-D13B-4162-9F66-552DB18911FE}.Release|Any CPU.Build.0 = Release|Any CPU
	EndGlobalSection
	GlobalSection(SolutionProperties) = preSolution
		HideSolutionNode = FALSE
	EndGlobalSection
	GlobalSection(ExtensibilityGlobals) = postSolution
		SolutionGuid = {D473D8A0-E8EC-4453-B3D2-E2E506FE3F43}
	EndGlobalSection
EndGlobal
